
Microsoft Visual Studio Solution File, Format Version 12.00
Project("{FAE04EC0-301F-11D3-BF4B-00C04F79EFBC}") = "OA.API", "OA.API\OA.API.csproj", "{B3ABCCDD-CBB1-49FB-A85E-AA31ED6F31FA}"
EndProject
Project("{FAE04EC0-301F-11D3-BF4B-00C04F79EFBC}") = "OA.Application", "OA.Application\OA.Application.csproj", "{92773C63-FB52-4AEE-B320-26C963FDB483}"
EndProject
Project("{FAE04EC0-301F-11D3-BF4B-00C04F79EFBC}") = "OA.Domain", "OA.Domain\OA.Domain.csproj", "{E36FE331-1C4D-4914-B772-2D3AFEC3DB85}"
EndProject
Project("{FAE04EC0-301F-11D3-BF4B-00C04F79EFBC}") = "OA.Infrastructure", "OA.Infrastructure\OA.Infrastructure.csproj", "{D1E3223C-7584-4529-91C7-CA2DF6F6BE81}"
EndProject
Project("{FAE04EC0-301F-11D3-BF4B-00C04F79EFBC}") = "OA.Persistence", "OA.Persistence\OA.Persistence.csproj", "{E44AF918-7D70-4DEB-90E6-60048F635212}"
EndProject
Global
	GlobalSection(SolutionConfigurationPlatforms) = preSolution
		Debug|Any CPU = Debug|Any CPU
		Release|Any CPU = Release|Any CPU
	EndGlobalSection
	GlobalSection(ProjectConfigurationPlatforms) = postSolution
		{B3ABCCDD-CBB1-49FB-A85E-AA31ED6F31FA}.Debug|Any CPU.ActiveCfg = Debug|Any CPU
		{B3ABCCDD-CBB1-49FB-A85E-AA31ED6F31FA}.Debug|Any CPU.Build.0 = Debug|Any CPU
		{B3ABCCDD-CBB1-49FB-A85E-AA31ED6F31FA}.Release|Any CPU.ActiveCfg = Release|Any CPU
		{B3ABCCDD-CBB1-49FB-A85E-AA31ED6F31FA}.Release|Any CPU.Build.0 = Release|Any CPU
		{92773C63-FB52-4AEE-B320-26C963FDB483}.Debug|Any CPU.ActiveCfg = Debug|Any CPU
		{92773C63-FB52-4AEE-B320-26C963FDB483}.Debug|Any CPU.Build.0 = Debug|Any CPU
		{92773C63-FB52-4AEE-B320-26C963FDB483}.Release|Any CPU.ActiveCfg = Release|Any CPU
		{92773C63-FB52-4AEE-B320-26C963FDB483}.Release|Any CPU.Build.0 = Release|Any CPU
		{E36FE331-1C4D-4914-B772-2D3AFEC3DB85}.Debug|Any CPU.ActiveCfg = Debug|Any CPU
		{E36FE331-1C4D-4914-B772-2D3AFEC3DB85}.Debug|Any CPU.Build.0 = Debug|Any CPU
		{E36FE331-1C4D-4914-B772-2D3AFEC3DB85}.Release|Any CPU.ActiveCfg = Release|Any CPU
		{E36FE331-1C4D-4914-B772-2D3AFEC3DB85}.Release|Any CPU.Build.0 = Release|Any CPU
		{D1E3223C-7584-4529-91C7-CA2DF6F6BE81}.Debug|Any CPU.ActiveCfg = Debug|Any CPU
		{D1E3223C-7584-4529-91C7-CA2DF6F6BE81}.Debug|Any CPU.Build.0 = Debug|Any CPU
		{D1E3223C-7584-4529-91C7-CA2DF6F6BE81}.Release|Any CPU.ActiveCfg = Release|Any CPU
		{D1E3223C-7584-4529-91C7-CA2DF6F6BE81}.Release|Any CPU.Build.0 = Release|Any CPU
		{E44AF918-7D70-4DEB-90E6-60048F635212}.Debug|Any CPU.ActiveCfg = Debug|Any CPU
		{E44AF918-7D70-4DEB-90E6-60048F635212}.Debug|Any CPU.Build.0 = Debug|Any CPU
		{E44AF918-7D70-4DEB-90E6-60048F635212}.Release|Any CPU.ActiveCfg = Release|Any CPU
		{E44AF918-7D70-4DEB-90E6-60048F635212}.Release|Any CPU.Build.0 = Release|Any CPU
	EndGlobalSection
EndGlobal
